// !$*UTF8*$!
{
	archiveVersion = 1;
	classes = {
	};
	objectVersion = 50;
	objects = {

/* Begin PBXBuildFile section */
		07FC03C324AB97D500AD97C8 /* AppDelegate.swift in Sources */ = {isa = PBXBuildFile; fileRef = 07FC03C224AB97D500AD97C8 /* AppDelegate.swift */; };
		07FC03C524AB97D500AD97C8 /* SceneDelegate.swift in Sources */ = {isa = PBXBuildFile; fileRef = 07FC03C424AB97D500AD97C8 /* SceneDelegate.swift */; };
		07FC03C724AB97D500AD97C8 /* ContentView.swift in Sources */ = {isa = PBXBuildFile; fileRef = 07FC03C624AB97D500AD97C8 /* ContentView.swift */; };
		07FC03C924AB97DB00AD97C8 /* Assets.xcassets in Resources */ = {isa = PBXBuildFile; fileRef = 07FC03C824AB97DB00AD97C8 /* Assets.xcassets */; };
		07FC03CC24AB97DB00AD97C8 /* Preview Assets.xcassets in Resources */ = {isa = PBXBuildFile; fileRef = 07FC03CB24AB97DB00AD97C8 /* Preview Assets.xcassets */; };
		07FC03CF24AB97DB00AD97C8 /* LaunchScreen.storyboard in Resources */ = {isa = PBXBuildFile; fileRef = 07FC03CD24AB97DB00AD97C8 /* LaunchScreen.storyboard */; };
/* End PBXBuildFile section */

/* Begin PBXFileReference section */
		07FC03BF24AB97D500AD97C8 /* TinderSwipe.app */ = {isa = PBXFileReference; explicitFileType = wrapper.application; includeInIndex = 0; path = TinderSwipe.app; sourceTree = BUILT_PRODUCTS_DIR; };
		07FC03C224AB97D500AD97C8 /* AppDelegate.swift */ = {isa = PBXFileReference; lastKnownFileType = sourcecode.swift; path = AppDelegate.swift; sourceTree = "<group>"; };
		07FC03C424AB97D500AD97C8 /* SceneDelegate.swift */ = {isa = PBXFileReference; lastKnownFileType = sourcecode.swift; path = SceneDelegate.swift; sourceTree = "<group>"; };
		07FC03C624AB97D500AD97C8 /* ContentView.swift */ = {isa = PBXFileReference; lastKnownFileType = sourcecode.swift; path = ContentView.swift; sourceTree = "<group>"; };
		07FC03C824AB97DB00AD97C8 /* Assets.xcassets */ = {isa = PBXFileReference; lastKnownFileType = folder.assetcatalog; path = Assets.xcassets; sourceTree = "<group>"; };
		07FC03CB24AB97DB00AD97C8 /* Preview Assets.xcassets */ = {isa = PBXFileReference; lastKnownFileType = folder.assetcatalog; path = "Preview Assets.xcassets"; sourceTree = "<group>"; };
		07FC03CE24AB97DB00AD97C8 /* Base */ = {isa = PBXFileReference; lastKnownFileType = file.storyboard; name = Base; path = Base.lproj/LaunchScreen.storyboard; sourceTree = "<group>"; };
		07FC03D024AB97DB00AD97C8 /* Info.plist */ = {isa = PBXFileReference; lastKnownFileType = text.plist.xml; path = Info.plist; sourceTree = "<group>"; };
/* End PBXFileReference section */

/* Begin PBXFrameworksBuildPhase section */
		07FC03BC24AB97D500AD97C8 /* Frameworks */ = {
			isa = PBXFrameworksBuildPhase;
			buildActionMask = 2147483647;
			files = (
			);
			runOnlyForDeploymentPostprocessing = 0;
		};
/* End PBXFrameworksBuildPhase section */

/* Begin PBXGroup section */
		07FC03B624AB97D500AD97C8 = {
			isa = PBXGroup;
			children = (
				07FC03C124AB97D500AD97C8 /* TinderSwipe */,
				07FC03C024AB97D500AD97C8 /* Products */,
			);
			sourceTree = "<group>";
		};
		07FC03C024AB97D500AD97C8 /* Products */ = {
			isa = PBXGroup;
			children = (
				07FC03BF24AB97D500AD97C8 /* TinderSwipe.app */,
			);
			name = Products;
			sourceTree = "<group>";
		};
		07FC03C124AB97D500AD97C8 /* TinderSwipe */ = {
			isa = PBXGroup;
			children = (
				07FC03C224AB97D500AD97C8 /* AppDelegate.swift */,
				07FC03C424AB97D500AD97C8 /* SceneDelegate.swift */,
				07FC03C624AB97D500AD97C8 /* ContentView.swift */,
				07FC03C824AB97DB00AD97C8 /* Assets.xcassets */,
				07FC03CD24AB97DB00AD97C8 /* LaunchScreen.storyboard */,
				07FC03D024AB97DB00AD97C8 /* Info.plist */,
				07FC03CA24AB97DB00AD97C8 /* Preview Content */,
			);
			path = TinderSwipe;
			sourceTree = "<group>";
		};
		07FC03CA24AB97DB00AD97C8 /* Preview Content */ = {
			isa = PBXGroup;
			children = (
				07FC03CB24AB97DB00AD97C8 /* Preview Assets.xcassets */,
			);
			path = "Preview Content";
			sourceTree = "<group>";
		};
/* End PBXGroup section */

/* Begin PBXNativeTarget section */
		07FC03BE24AB97D500AD97C8 /* TinderSwipe */ = {
			isa = PBXNativeTarget;
			buildConfigurationList = 07FC03D324AB97DB00AD97C8 /* Build configuration list for PBXNativeTarget "TinderSwipe" */;
			buildPhases = (
				07FC03BB24AB97D500AD97C8 /* Sources */,
				07FC03BC24AB97D500AD97C8 /* Frameworks */,
				07FC03BD24AB97D500AD97C8 /* Resources */,
			);
			buildRules = (
			);
			dependencies = (
			);
			name = TinderSwipe;
			productName = TinderSwipe;
			productReference = 07FC03BF24AB97D500AD97C8 /* TinderSwipe.app */;
			productType = "com.apple.product-type.application";
		};
/* End PBXNativeTarget section */

/* Begin PBXProject section */
		07FC03B724AB97D500AD97C8 /* Project object */ = {
			isa = PBXProject;
			attributes = {
				LastSwiftUpdateCheck = 1130;
				LastUpgradeCheck = 1130;
				ORGANIZATIONNAME = Minhasoft;
				TargetAttributes = {
					07FC03BE24AB97D500AD97C8 = {
						CreatedOnToolsVersion = 11.3.1;
					};
				};
			};
			buildConfigurationList = 07FC03BA24AB97D500AD97C8 /* Build configuration list for PBXProject "TinderSwipe" */;
			compatibilityVersion = "Xcode 9.3";
			developmentRegion = en;
			hasScannedForEncodings = 0;
			knownRegions = (
				en,
				Base,
			);
			mainGroup = 07FC03B624AB97D500AD97C8;
			productRefGroup = 07FC03C024AB97D500AD97C8 /* Products */;
			projectDirPath = "";
			projectRoot = "";
			targets = (
				07FC03BE24AB97D500AD97C8 /* TinderSwipe */,
			);
		};
/* End PBXProject section */

/* Begin PBXResourcesBuildPhase section */
		07FC03BD24AB97D500AD97C8 /* Resources */ = {
			isa = PBXResourcesBuildPhase;
			buildActionMask = 2147483647;
			files = (
				07FC03CF24AB97DB00AD97C8 /* LaunchScreen.storyboard in Resources */,
				07FC03CC24AB97DB00AD97C8 /* Preview Assets.xcassets in Resources */,
				07FC03C924AB97DB00AD97C8 /* Assets.xcassets in Resources */,
			);
			runOnlyForDeploymentPostprocessing = 0;
		};
/* End PBXResourcesBuildPhase section */

/* Begin PBXSourcesBuildPhase section */
		07FC03BB24AB97D500AD97C8 /* Sources */ = {
			isa = PBXSourcesBuildPhase;
			buildActionMask = 2147483647;
			files = (
				07FC03C324AB97D500AD97C8 /* AppDelegate.swift in Sources */,
				07FC03C524AB97D500AD97C8 /* SceneDelegate.swift in Sources */,
				07FC03C724AB97D500AD97C8 /* ContentView.swift in Sources */,
			);
			runOnlyForDeploymentPostprocessing = 0;
		};
/* End PBXSourcesBuildPhase section */

/* Begin PBXVariantGroup section */
		07FC03CD24AB97DB00AD97C8 /* LaunchScreen.storyboard */ = {
			isa = PBXVariantGroup;
			children = (
				07FC03CE24AB97DB00AD97C8 /* Base */,
			);
			name = LaunchScreen.storyboard;
			sourceTree = "<group>";
		};
/* End PBXVariantGroup section */

/* Begin XCBuildConfiguration section */
		07FC03D124AB97DB00AD97C8 /* Debug */ = {
			isa = XCBuildConfiguration;
			buildSettings = {
				ALWAYS_SEARCH_USER_PATHS = NO;
				CLANG_ANALYZER_NONNULL = YES;
				CLANG_ANALYZER_NUMBER_OBJECT_CONVERSION = YES_AGGRESSIVE;
				CLANG_CXX_LANGUAGE_STANDARD = "gnu++14";
				CLANG_CXX_LIBRARY = "libc++";
				CLANG_ENABLE_MODULES = YES;
				CLANG_ENABLE_OBJC_ARC = YES;
				CLANG_ENABLE_OBJC_WEAK = YES;
				CLANG_WARN_BLOCK_CAPTURE_AUTORELEASING = YES;
				CLANG_WARN_BOOL_CONVERSION = YES;
				CLANG_WARN_COMMA = YES;
				CLANG_WARN_CONSTANT_CONVERSION = YES;
				CLANG_WARN_DEPRECATED_OBJC_IMPLEMENTATIONS = YES;
				CLANG_WARN_DIRECT_OBJC_ISA_USAGE = YES_ERROR;
				CLANG_WARN_DOCUMENTATION_COMMENTS = YES;
				CLANG_WARN_EMPTY_BODY = YES;
				CLANG_WARN_ENUM_CONVERSION = YES;
				CLANG_WARN_INFINITE_RECURSION = YES;
				CLANG_WARN_INT_CONVERSION = YES;
				CLANG_WARN_NON_LITERAL_NULL_CONVERSION = YES;
				CLANG_WARN_OBJC_IMPLICIT_RETAIN_SELF = YES;
				CLANG_WARN_OBJC_LITERAL_CONVERSION = YES;
				CLANG_WARN_OBJC_ROOT_CLASS = YES_ERROR;
				CLANG_WARN_RANGE_LOOP_ANALYSIS = YES;
				CLANG_WARN_STRICT_PROTOTYPES = YES;
				CLANG_WARN_SUSPICIOUS_MOVE = YES;
				CLANG_WARN_UNGUARDED_AVAILABILITY = YES_AGGRESSIVE;
				CLANG_WARN_UNREACHABLE_CODE = YES;
				CLANG_WARN__DUPLICATE_METHOD_MATCH = YES;
				COPY_PHASE_STRIP = NO;
				DEBUG_INFORMATION_FORMAT = dwarf;
				ENABLE_STRICT_OBJC_MSGSEND = YES;
				ENABLE_TESTABILITY = YES;
				GCC_C_LANGUAGE_STANDARD = gnu11;
				GCC_DYNAMIC_NO_PIC = NO;
				GCC_NO_COMMON_BLOCKS = YES;
				GCC_OPTIMIZATION_LEVEL = 0;
				GCC_PREPROCESSOR_DEFINITIONS = (
					"DEBUG=1",
					"$(inherited)",
				);
				GCC_WARN_64_TO_32_BIT_CONVERSION = YES;
				GCC_WARN_ABOUT_RETURN_TYPE = YES_ERROR;
				GCC_WARN_UNDECLARED_SELECTOR = YES;
				GCC_WARN_UNINITIALIZED_AUTOS = YES_AGGRESSIVE;
				GCC_WARN_UNUSED_FUNCTION = YES;
				GCC_WARN_UNUSED_VARIABLE = YES;
				IPHONEOS_DEPLOYMENT_TARGET = 13.2;
				MTL_ENABLE_DEBUG_INFO = INCLUDE_SOURCE;
				MTL_FAST_MATH = YES;
				ONLY_ACTIVE_ARCH = YES;
				SDKROOT = iphoneos;
				SWIFT_ACTIVE_COMPILATION_CONDITIONS = DEBUG;
				SWIFT_OPTIMIZATION_LEVEL = "-Onone";
			};
			name = Debug;
		};
		07FC03D224AB97DB00AD97C8 /* Release */ = {
			isa = XCBuildConfiguration;
			buildSettings = {
				ALWAYS_SEARCH_USER_PATHS = NO;
				CLANG_ANALYZER_NONNULL = YES;
				CLANG_ANALYZER_NUMBER_OBJECT_CONVERSION = YES_AGGRESSIVE;
				CLANG_CXX_LANGUAGE_STANDARD = "gnu++14";
				CLANG_CXX_LIBRARY = "libc++";
				CLANG_ENABLE_MODULES = YES;
				CLANG_ENABLE_OBJC_ARC = YES;
				CLANG_ENABLE_OBJC_WEAK = YES;
				CLANG_WARN_BLOCK_CAPTURE_AUTORELEASING = YES;
				CLANG_WARN_BOOL_CONVERSION = YES;
				CLANG_WARN_COMMA = YES;
				CLANG_WARN_CONSTANT_CONVERSION = YES;
				CLANG_WARN_DEPRECATED_OBJC_IMPLEMENTATIONS = YES;
				CLANG_WARN_DIRECT_OBJC_ISA_USAGE = YES_ERROR;
				CLANG_WARN_DOCUMENTATION_COMMENTS = YES;
				CLANG_WARN_EMPTY_BODY = YES;
				CLANG_WARN_ENUM_CONVERSION = YES;
				CLANG_WARN_INFINITE_RECURSION = YES;
				CLANG_WARN_INT_CONVERSION = YES;
				CLANG_WARN_NON_LITERAL_NULL_CONVERSION = YES;
				CLANG_WARN_OBJC_IMPLICIT_RETAIN_SELF = YES;
				CLANG_WARN_OBJC_LITERAL_CONVERSION = YES;
				CLANG_WARN_OBJC_ROOT_CLASS = YES_ERROR;
				CLANG_WARN_RANGE_LOOP_ANALYSIS = YES;
				CLANG_WARN_STRICT_PROTOTYPES = YES;
				CLANG_WARN_SUSPICIOUS_MOVE = YES;
				CLANG_WARN_UNGUARDED_AVAILABILITY = YES_AGGRESSIVE;
				CLANG_WARN_UNREACHABLE_CODE = YES;
				CLANG_WARN__DUPLICATE_METHOD_MATCH = YES;
				COPY_PHASE_STRIP = NO;
				DEBUG_INFORMATION_FORMAT = "dwarf-with-dsym";
				ENABLE_NS_ASSERTIONS = NO;
				ENABLE_STRICT_OBJC_MSGSEND = YES;
				GCC_C_LANGUAGE_STANDARD = gnu11;
				GCC_NO_COMMON_BLOCKS = YES;
				GCC_WARN_64_TO_32_BIT_CONVERSION = YES;
				GCC_WARN_ABOUT_RETURN_TYPE = YES_ERROR;
				GCC_WARN_UNDECLARED_SELECTOR = YES;
				GCC_WARN_UNINITIALIZED_AUTOS = YES_AGGRESSIVE;
				GCC_WARN_UNUSED_FUNCTION = YES;
				GCC_WARN_UNUSED_VARIABLE = YES;
				IPHONEOS_DEPLOYMENT_TARGET = 13.2;
				MTL_ENABLE_DEBUG_INFO = NO;
				MTL_FAST_MATH = YES;
				SDKROOT = iphoneos;
				SWIFT_COMPILATION_MODE = wholemodule;
				SWIFT_OPTIMIZATION_LEVEL = "-O";
				VALIDATE_PRODUCT = YES;
			};
			name = Release;
		};
		07FC03D424AB97DB00AD97C8 /* Debug */ = {
			isa = XCBuildConfiguration;
			buildSettings = {
				ASSETCATALOG_COMPILER_APPICON_NAME = AppIcon;
				CODE_SIGN_STYLE = Automatic;
				DEVELOPMENT_ASSET_PATHS = "\"TinderSwipe/Preview Content\"";
				DEVELOPMENT_TEAM = JYAHZVZPJ3;
				ENABLE_PREVIEWS = YES;
				INFOPLIST_FILE = TinderSwipe/Info.plist;
				LD_RUNPATH_SEARCH_PATHS = (
					"$(inherited)",
					"@executable_path/Frameworks",
				);
				PRODUCT_BUNDLE_IDENTIFIER = com.practice.swiftui.TinderSwipe;
				PRODUCT_NAME = "$(TARGET_NAME)";
				SWIFT_VERSION = 5.0;
				TARGETED_DEVICE_FAMILY = "1,2";
			};
			name = Debug;
		};
		07FC03D524AB97DB00AD97C8 /* Release */ = {
			isa = XCBuildConfiguration;
			buildSettings = {
				ASSETCATALOG_COMPILER_APPICON_NAME = AppIcon;
				CODE_SIGN_STYLE = Automatic;
				DEVELOPMENT_ASSET_PATHS = "\"TinderSwipe/Preview Content\"";
				DEVELOPMENT_TEAM = JYAHZVZPJ3;
				ENABLE_PREVIEWS = YES;
				INFOPLIST_FILE = TinderSwipe/Info.plist;
				LD_RUNPATH_SEARCH_PATHS = (
					"$(inherited)",
					"@executable_path/Frameworks",
				);
				PRODUCT_BUNDLE_IDENTIFIER = com.practice.swiftui.TinderSwipe;
				PRODUCT_NAME = "$(TARGET_NAME)";
				SWIFT_VERSION = 5.0;
				TARGETED_DEVICE_FAMILY = "1,2";
			};
			name = Release;
		};
/* End XCBuildConfiguration section */

/* Begin XCConfigurationList section */
		07FC03BA24AB97D500AD97C8 /* Build configuration list for PBXProject "TinderSwipe" */ = {
			isa = XCConfigurationList;
			buildConfigurations = (
				07FC03D124AB97DB00AD97C8 /* Debug */,
				07FC03D224AB97DB00AD97C8 /* Release */,
			);
			defaultConfigurationIsVisible = 0;
			defaultConfigurationName = Release;
		};
		07FC03D324AB97DB00AD97C8 /* Build configuration list for PBXNativeTarget "TinderSwipe" */ = {
			isa = XCConfigurationList;
			buildConfigurations = (
				07FC03D424AB97DB00AD97C8 /* Debug */,
				07FC03D524AB97DB00AD97C8 /* Release */,
			);
			defaultConfigurationIsVisible = 0;
			defaultConfigurationName = Release;
		};
/* End XCConfigurationList section */
	};
	rootObject = 07FC03B724AB97D500AD97C8 /* Project object */;
}
